
Microsoft Visual Studio Solution File, Format Version 12.00
# Visual Studio Version 17
VisualStudioVersion = 17.3.32922.545
MinimumVisualStudioVersion = 10.0.40219.1
Project("{FAE04EC0-301F-11D3-BF4B-00C04F79EFBC}") = "CROWNInstanceOpener", "CROWNInstanceOpener\CROWNInstanceOpener.csproj", "{530E27A2-CABD-4C40-B8D3-9C3AD0F5150E}"
EndProject
Global
	GlobalSection(SolutionConfigurationPlatforms) = preSolution
		Debug|Any CPU = Debug|Any CPU
		Release|Any CPU = Release|Any CPU
	EndGlobalSection
	GlobalSection(ProjectConfigurationPlatforms) = postSolution
		{530E27A2-CABD-4C40-B8D3-9C3AD0F5150E}.Debug|Any CPU.ActiveCfg = Debug|Any CPU
		{530E27A2-CABD-4C40-B8D3-9C3AD0F5150E}.Debug|Any CPU.Build.0 = Debug|Any CPU
		{530E27A2-CABD-4C40-B8D3-9C3AD0F5150E}.Release|Any CPU.ActiveCfg = Release|Any CPU
		{530E27A2-CABD-4C40-B8D3-9C3AD0F5150E}.Release|Any CPU.Build.0 = Release|Any CPU
	EndGlobalSection
	GlobalSection(SolutionProperties) = preSolution
		HideSolutionNode = FALSE
	EndGlobalSection
	GlobalSection(ExtensibilityGlobals) = postSolution
		SolutionGuid = {3BEB1CBE-D794-4745-BDCF-10347D58B2BC}
	EndGlobalSection
EndGlobal
